
Microsoft Visual Studio Solution File, Format Version 12.00
# Visual Studio Version 17
VisualStudioVersion = 17.11.35222.181
MinimumVisualStudioVersion = 10.0.40219.1
Project("{9A19103F-16F7-4668-BE54-9A1E7A4F7556}") = "LoadDwVenta.Data", "LoadDwVenta.Data\LoadDwVenta.Data.csproj", "{F2563A9E-0EEF-4619-BC68-C8493F039246}"
EndProject
Project("{9A19103F-16F7-4668-BE54-9A1E7A4F7556}") = "LoadDwVenta.DatabaseObjects", "LoadDwVenta.DatabaseObjects\LoadDwVenta.DatabaseObjects.csproj", "{B6DED71E-E52B-4260-8EEA-D3C501E8438B}"
EndProject
Project("{FAE04EC0-301F-11D3-BF4B-00C04F79EFBC}") = "LoadDwVenta.WorkerServices", "LoadDwVenta.WorkerServices\LoadDwVenta.WorkerServices.csproj", "{B4DB7B7D-5953-4D42-ABCB-63015CC827C2}"
EndProject
Global
	GlobalSection(SolutionConfigurationPlatforms) = preSolution
		Debug|Any CPU = Debug|Any CPU
		Release|Any CPU = Release|Any CPU
	EndGlobalSection
	GlobalSection(ProjectConfigurationPlatforms) = postSolution
		{F2563A9E-0EEF-4619-BC68-C8493F039246}.Debug|Any CPU.ActiveCfg = Debug|Any CPU
		{F2563A9E-0EEF-4619-BC68-C8493F039246}.Debug|Any CPU.Build.0 = Debug|Any CPU
		{F2563A9E-0EEF-4619-BC68-C8493F039246}.Release|Any CPU.ActiveCfg = Release|Any CPU
		{F2563A9E-0EEF-4619-BC68-C8493F039246}.Release|Any CPU.Build.0 = Release|Any CPU
		{B6DED71E-E52B-4260-8EEA-D3C501E8438B}.Debug|Any CPU.ActiveCfg = Debug|Any CPU
		{B6DED71E-E52B-4260-8EEA-D3C501E8438B}.Debug|Any CPU.Build.0 = Debug|Any CPU
		{B6DED71E-E52B-4260-8EEA-D3C501E8438B}.Release|Any CPU.ActiveCfg = Release|Any CPU
		{B6DED71E-E52B-4260-8EEA-D3C501E8438B}.Release|Any CPU.Build.0 = Release|Any CPU
		{B4DB7B7D-5953-4D42-ABCB-63015CC827C2}.Debug|Any CPU.ActiveCfg = Debug|Any CPU
		{B4DB7B7D-5953-4D42-ABCB-63015CC827C2}.Debug|Any CPU.Build.0 = Debug|Any CPU
		{B4DB7B7D-5953-4D42-ABCB-63015CC827C2}.Release|Any CPU.ActiveCfg = Release|Any CPU
		{B4DB7B7D-5953-4D42-ABCB-63015CC827C2}.Release|Any CPU.Build.0 = Release|Any CPU
	EndGlobalSection
	GlobalSection(SolutionProperties) = preSolution
		HideSolutionNode = FALSE
	EndGlobalSection
	GlobalSection(ExtensibilityGlobals) = postSolution
		SolutionGuid = {9BFC8171-584D-4D9F-AD53-18D397416F91}
	EndGlobalSection
EndGlobal
